
Microsoft Visual Studio Solution File, Format Version 12.00
# Visual Studio Version 16
VisualStudioVersion = 16.0.29905.134
MinimumVisualStudioVersion = 10.0.40219.1
Project("{FAE04EC0-301F-11D3-BF4B-00C04F79EFBC}") = "05.Coins", "05.Coins\05.Coins.csproj", "{4AE495F9-EA02-4ADA-819C-3DDC9158E030}"
EndProject
Global
	GlobalSection(SolutionConfigurationPlatforms) = preSolution
		Debug|Any CPU = Debug|Any CPU
		Release|Any CPU = Release|Any CPU
	EndGlobalSection
	GlobalSection(ProjectConfigurationPlatforms) = postSolution
		{4AE495F9-EA02-4ADA-819C-3DDC9158E030}.Debug|Any CPU.ActiveCfg = Debug|Any CPU
		{4AE495F9-EA02-4ADA-819C-3DDC9158E030}.Debug|Any CPU.Build.0 = Debug|Any CPU
		{4AE495F9-EA02-4ADA-819C-3DDC9158E030}.Release|Any CPU.ActiveCfg = Release|Any CPU
		{4AE495F9-EA02-4ADA-819C-3DDC9158E030}.Release|Any CPU.Build.0 = Release|Any CPU
	EndGlobalSection
	GlobalSection(SolutionProperties) = preSolution
		HideSolutionNode = FALSE
	EndGlobalSection
	GlobalSection(ExtensibilityGlobals) = postSolution
		SolutionGuid = {FAE4D748-74A8-4276-9E5A-C0CF18416B8D}
	EndGlobalSection
EndGlobal
