
Microsoft Visual Studio Solution File, Format Version 12.00
# Visual Studio Version 16
VisualStudioVersion = 16.0.29905.134
MinimumVisualStudioVersion = 10.0.40219.1
Project("{FAE04EC0-301F-11D3-BF4B-00C04F79EFBC}") = "05.DartsTournament", "05.DartsTournament\05.DartsTournament.csproj", "{86E9C67B-D391-4673-87A0-350BF77EFE7E}"
EndProject
Global
	GlobalSection(SolutionConfigurationPlatforms) = preSolution
		Debug|Any CPU = Debug|Any CPU
		Release|Any CPU = Release|Any CPU
	EndGlobalSection
	GlobalSection(ProjectConfigurationPlatforms) = postSolution
		{86E9C67B-D391-4673-87A0-350BF77EFE7E}.Debug|Any CPU.ActiveCfg = Debug|Any CPU
		{86E9C67B-D391-4673-87A0-350BF77EFE7E}.Debug|Any CPU.Build.0 = Debug|Any CPU
		{86E9C67B-D391-4673-87A0-350BF77EFE7E}.Release|Any CPU.ActiveCfg = Release|Any CPU
		{86E9C67B-D391-4673-87A0-350BF77EFE7E}.Release|Any CPU.Build.0 = Release|Any CPU
	EndGlobalSection
	GlobalSection(SolutionProperties) = preSolution
		HideSolutionNode = FALSE
	EndGlobalSection
	GlobalSection(ExtensibilityGlobals) = postSolution
		SolutionGuid = {A2A63EDA-2E34-4A4B-A344-684508F88EC6}
	EndGlobalSection
EndGlobal
