
Microsoft Visual Studio Solution File, Format Version 12.00
# Visual Studio Version 16
VisualStudioVersion = 16.0.29905.134
MinimumVisualStudioVersion = 10.0.40219.1
Project("{FAE04EC0-301F-11D3-BF4B-00C04F79EFBC}") = "03.Logistics", "03.Logistics\03.Logistics.csproj", "{9B75B9E7-F15D-4ADD-B007-B88734E5A328}"
EndProject
Global
	GlobalSection(SolutionConfigurationPlatforms) = preSolution
		Debug|Any CPU = Debug|Any CPU
		Release|Any CPU = Release|Any CPU
	EndGlobalSection
	GlobalSection(ProjectConfigurationPlatforms) = postSolution
		{9B75B9E7-F15D-4ADD-B007-B88734E5A328}.Debug|Any CPU.ActiveCfg = Debug|Any CPU
		{9B75B9E7-F15D-4ADD-B007-B88734E5A328}.Debug|Any CPU.Build.0 = Debug|Any CPU
		{9B75B9E7-F15D-4ADD-B007-B88734E5A328}.Release|Any CPU.ActiveCfg = Release|Any CPU
		{9B75B9E7-F15D-4ADD-B007-B88734E5A328}.Release|Any CPU.Build.0 = Release|Any CPU
	EndGlobalSection
	GlobalSection(SolutionProperties) = preSolution
		HideSolutionNode = FALSE
	EndGlobalSection
	GlobalSection(ExtensibilityGlobals) = postSolution
		SolutionGuid = {8B53C3A6-47F3-42CF-B1A9-9BC072966D8F}
	EndGlobalSection
EndGlobal
