
Microsoft Visual Studio Solution File, Format Version 12.00
# Visual Studio Version 16
VisualStudioVersion = 16.0.29905.134
MinimumVisualStudioVersion = 10.0.40219.1
Project("{FAE04EC0-301F-11D3-BF4B-00C04F79EFBC}") = "06.HighJump", "06.HighJump\06.HighJump.csproj", "{7FB2714F-4157-43FA-8AE8-9609B80BE5D0}"
EndProject
Global
	GlobalSection(SolutionConfigurationPlatforms) = preSolution
		Debug|Any CPU = Debug|Any CPU
		Release|Any CPU = Release|Any CPU
	EndGlobalSection
	GlobalSection(ProjectConfigurationPlatforms) = postSolution
		{7FB2714F-4157-43FA-8AE8-9609B80BE5D0}.Debug|Any CPU.ActiveCfg = Debug|Any CPU
		{7FB2714F-4157-43FA-8AE8-9609B80BE5D0}.Debug|Any CPU.Build.0 = Debug|Any CPU
		{7FB2714F-4157-43FA-8AE8-9609B80BE5D0}.Release|Any CPU.ActiveCfg = Release|Any CPU
		{7FB2714F-4157-43FA-8AE8-9609B80BE5D0}.Release|Any CPU.Build.0 = Release|Any CPU
	EndGlobalSection
	GlobalSection(SolutionProperties) = preSolution
		HideSolutionNode = FALSE
	EndGlobalSection
	GlobalSection(ExtensibilityGlobals) = postSolution
		SolutionGuid = {5CD8AFC0-22E8-4078-AC6D-34567A365DF5}
	EndGlobalSection
EndGlobal
