
Microsoft Visual Studio Solution File, Format Version 12.00
# Visual Studio Version 16
VisualStudioVersion = 16.0.29905.134
MinimumVisualStudioVersion = 10.0.40219.1
Project("{FAE04EC0-301F-11D3-BF4B-00C04F79EFBC}") = "07.CinemaTickets", "07.CinemaTickets\07.CinemaTickets.csproj", "{5FFF7E11-7141-4920-A774-EC7EDBB72750}"
EndProject
Global
	GlobalSection(SolutionConfigurationPlatforms) = preSolution
		Debug|Any CPU = Debug|Any CPU
		Release|Any CPU = Release|Any CPU
	EndGlobalSection
	GlobalSection(ProjectConfigurationPlatforms) = postSolution
		{5FFF7E11-7141-4920-A774-EC7EDBB72750}.Debug|Any CPU.ActiveCfg = Debug|Any CPU
		{5FFF7E11-7141-4920-A774-EC7EDBB72750}.Debug|Any CPU.Build.0 = Debug|Any CPU
		{5FFF7E11-7141-4920-A774-EC7EDBB72750}.Release|Any CPU.ActiveCfg = Release|Any CPU
		{5FFF7E11-7141-4920-A774-EC7EDBB72750}.Release|Any CPU.Build.0 = Release|Any CPU
	EndGlobalSection
	GlobalSection(SolutionProperties) = preSolution
		HideSolutionNode = FALSE
	EndGlobalSection
	GlobalSection(ExtensibilityGlobals) = postSolution
		SolutionGuid = {303444D2-FE3C-4141-B343-D9C38FCF4288}
	EndGlobalSection
EndGlobal
