
Microsoft Visual Studio Solution File, Format Version 12.00
# Visual Studio Version 16
VisualStudioVersion = 16.0.29905.134
MinimumVisualStudioVersion = 10.0.40219.1
Project("{FAE04EC0-301F-11D3-BF4B-00C04F79EFBC}") = "03.SquareOfStars", "03.SquareOfStars\03.SquareOfStars.csproj", "{286DB6F0-00FB-4226-8145-D7289F9B9708}"
EndProject
Global
	GlobalSection(SolutionConfigurationPlatforms) = preSolution
		Debug|Any CPU = Debug|Any CPU
		Release|Any CPU = Release|Any CPU
	EndGlobalSection
	GlobalSection(ProjectConfigurationPlatforms) = postSolution
		{286DB6F0-00FB-4226-8145-D7289F9B9708}.Debug|Any CPU.ActiveCfg = Debug|Any CPU
		{286DB6F0-00FB-4226-8145-D7289F9B9708}.Debug|Any CPU.Build.0 = Debug|Any CPU
		{286DB6F0-00FB-4226-8145-D7289F9B9708}.Release|Any CPU.ActiveCfg = Release|Any CPU
		{286DB6F0-00FB-4226-8145-D7289F9B9708}.Release|Any CPU.Build.0 = Release|Any CPU
	EndGlobalSection
	GlobalSection(SolutionProperties) = preSolution
		HideSolutionNode = FALSE
	EndGlobalSection
	GlobalSection(ExtensibilityGlobals) = postSolution
		SolutionGuid = {968A6BB1-600A-4236-B571-E19A672F0C4D}
	EndGlobalSection
EndGlobal
