
Microsoft Visual Studio Solution File, Format Version 12.00
# Visual Studio Version 16
VisualStudioVersion = 16.0.29905.134
MinimumVisualStudioVersion = 10.0.40219.1
Project("{FAE04EC0-301F-11D3-BF4B-00C04F79EFBC}") = "04.TriangleOfDollars", "04.TriangleOfDollars\04.TriangleOfDollars.csproj", "{3F0F17A0-798D-459D-8885-20C51B4C2CF5}"
EndProject
Global
	GlobalSection(SolutionConfigurationPlatforms) = preSolution
		Debug|Any CPU = Debug|Any CPU
		Release|Any CPU = Release|Any CPU
	EndGlobalSection
	GlobalSection(ProjectConfigurationPlatforms) = postSolution
		{3F0F17A0-798D-459D-8885-20C51B4C2CF5}.Debug|Any CPU.ActiveCfg = Debug|Any CPU
		{3F0F17A0-798D-459D-8885-20C51B4C2CF5}.Debug|Any CPU.Build.0 = Debug|Any CPU
		{3F0F17A0-798D-459D-8885-20C51B4C2CF5}.Release|Any CPU.ActiveCfg = Release|Any CPU
		{3F0F17A0-798D-459D-8885-20C51B4C2CF5}.Release|Any CPU.Build.0 = Release|Any CPU
	EndGlobalSection
	GlobalSection(SolutionProperties) = preSolution
		HideSolutionNode = FALSE
	EndGlobalSection
	GlobalSection(ExtensibilityGlobals) = postSolution
		SolutionGuid = {FF098E80-FE66-4DA3-9DEE-9807FCFA6D78}
	EndGlobalSection
EndGlobal
