
Microsoft Visual Studio Solution File, Format Version 12.00
# Visual Studio Version 16
VisualStudioVersion = 16.0.29905.134
MinimumVisualStudioVersion = 10.0.40219.1
Project("{FAE04EC0-301F-11D3-BF4B-00C04F79EFBC}") = "02.MultiplicationTable", "02.MultiplicationTable\02.MultiplicationTable.csproj", "{BD327CF3-037C-44DC-917C-C83B05C9B26D}"
EndProject
Global
	GlobalSection(SolutionConfigurationPlatforms) = preSolution
		Debug|Any CPU = Debug|Any CPU
		Release|Any CPU = Release|Any CPU
	EndGlobalSection
	GlobalSection(ProjectConfigurationPlatforms) = postSolution
		{BD327CF3-037C-44DC-917C-C83B05C9B26D}.Debug|Any CPU.ActiveCfg = Debug|Any CPU
		{BD327CF3-037C-44DC-917C-C83B05C9B26D}.Debug|Any CPU.Build.0 = Debug|Any CPU
		{BD327CF3-037C-44DC-917C-C83B05C9B26D}.Release|Any CPU.ActiveCfg = Release|Any CPU
		{BD327CF3-037C-44DC-917C-C83B05C9B26D}.Release|Any CPU.Build.0 = Release|Any CPU
	EndGlobalSection
	GlobalSection(SolutionProperties) = preSolution
		HideSolutionNode = FALSE
	EndGlobalSection
	GlobalSection(ExtensibilityGlobals) = postSolution
		SolutionGuid = {392CA905-16E6-4B28-BDC5-B2939E6DE56A}
	EndGlobalSection
EndGlobal
