
Microsoft Visual Studio Solution File, Format Version 12.00
# Visual Studio Version 16
VisualStudioVersion = 16.0.29911.84
MinimumVisualStudioVersion = 10.0.40219.1
Project("{FAE04EC0-301F-11D3-BF4B-00C04F79EFBC}") = "05.CareOfPuppy", "05.CareOfPuppy\05.CareOfPuppy.csproj", "{7A602932-FFE1-45EC-9587-0E44CF019AD2}"
EndProject
Global
	GlobalSection(SolutionConfigurationPlatforms) = preSolution
		Debug|Any CPU = Debug|Any CPU
		Release|Any CPU = Release|Any CPU
	EndGlobalSection
	GlobalSection(ProjectConfigurationPlatforms) = postSolution
		{7A602932-FFE1-45EC-9587-0E44CF019AD2}.Debug|Any CPU.ActiveCfg = Debug|Any CPU
		{7A602932-FFE1-45EC-9587-0E44CF019AD2}.Debug|Any CPU.Build.0 = Debug|Any CPU
		{7A602932-FFE1-45EC-9587-0E44CF019AD2}.Release|Any CPU.ActiveCfg = Release|Any CPU
		{7A602932-FFE1-45EC-9587-0E44CF019AD2}.Release|Any CPU.Build.0 = Release|Any CPU
	EndGlobalSection
	GlobalSection(SolutionProperties) = preSolution
		HideSolutionNode = FALSE
	EndGlobalSection
	GlobalSection(ExtensibilityGlobals) = postSolution
		SolutionGuid = {A11125C6-250D-4344-9747-8BC54AC78124}
	EndGlobalSection
EndGlobal
