
Microsoft Visual Studio Solution File, Format Version 12.00
# Visual Studio Version 16
VisualStudioVersion = 16.0.29728.190
MinimumVisualStudioVersion = 10.0.40219.1
Project("{FAE04EC0-301F-11D3-BF4B-00C04F79EFBC}") = "01.NumbersFrom1to100", "01.NumbersFrom1to100\01.NumbersFrom1to100.csproj", "{D65EBFB4-8BB2-46BF-81DE-8B9BD770A6EA}"
EndProject
Global
	GlobalSection(SolutionConfigurationPlatforms) = preSolution
		Debug|Any CPU = Debug|Any CPU
		Release|Any CPU = Release|Any CPU
	EndGlobalSection
	GlobalSection(ProjectConfigurationPlatforms) = postSolution
		{D65EBFB4-8BB2-46BF-81DE-8B9BD770A6EA}.Debug|Any CPU.ActiveCfg = Debug|Any CPU
		{D65EBFB4-8BB2-46BF-81DE-8B9BD770A6EA}.Debug|Any CPU.Build.0 = Debug|Any CPU
		{D65EBFB4-8BB2-46BF-81DE-8B9BD770A6EA}.Release|Any CPU.ActiveCfg = Release|Any CPU
		{D65EBFB4-8BB2-46BF-81DE-8B9BD770A6EA}.Release|Any CPU.Build.0 = Release|Any CPU
	EndGlobalSection
	GlobalSection(SolutionProperties) = preSolution
		HideSolutionNode = FALSE
	EndGlobalSection
	GlobalSection(ExtensibilityGlobals) = postSolution
		SolutionGuid = {EA286A72-EBD6-4921-9CA7-3322FE8ACC7A}
	EndGlobalSection
EndGlobal
