
Microsoft Visual Studio Solution File, Format Version 12.00
# Visual Studio Version 16
VisualStudioVersion = 16.0.29905.134
MinimumVisualStudioVersion = 10.0.40219.1
Project("{FAE04EC0-301F-11D3-BF4B-00C04F79EFBC}") = "01.MatchTickets", "01.MatchTickets\01.MatchTickets.csproj", "{2AC2B1C6-55E1-4CCB-B85D-4BC1B3723E4B}"
EndProject
Global
	GlobalSection(SolutionConfigurationPlatforms) = preSolution
		Debug|Any CPU = Debug|Any CPU
		Release|Any CPU = Release|Any CPU
	EndGlobalSection
	GlobalSection(ProjectConfigurationPlatforms) = postSolution
		{2AC2B1C6-55E1-4CCB-B85D-4BC1B3723E4B}.Debug|Any CPU.ActiveCfg = Debug|Any CPU
		{2AC2B1C6-55E1-4CCB-B85D-4BC1B3723E4B}.Debug|Any CPU.Build.0 = Debug|Any CPU
		{2AC2B1C6-55E1-4CCB-B85D-4BC1B3723E4B}.Release|Any CPU.ActiveCfg = Release|Any CPU
		{2AC2B1C6-55E1-4CCB-B85D-4BC1B3723E4B}.Release|Any CPU.Build.0 = Release|Any CPU
	EndGlobalSection
	GlobalSection(SolutionProperties) = preSolution
		HideSolutionNode = FALSE
	EndGlobalSection
	GlobalSection(ExtensibilityGlobals) = postSolution
		SolutionGuid = {E5651609-3D5B-486C-B76E-5F5E7F469A2E}
	EndGlobalSection
EndGlobal
