
Microsoft Visual Studio Solution File, Format Version 12.00
# Visual Studio Version 16
VisualStudioVersion = 16.0.29728.190
MinimumVisualStudioVersion = 10.0.40219.1
Project("{FAE04EC0-301F-11D3-BF4B-00C04F79EFBC}") = "01.FoodDelivery", "01.FoodDelivery\01.FoodDelivery.csproj", "{FEB740C7-FC34-4DD8-BD50-B3C50A7B3EF1}"
EndProject
Global
	GlobalSection(SolutionConfigurationPlatforms) = preSolution
		Debug|Any CPU = Debug|Any CPU
		Release|Any CPU = Release|Any CPU
	EndGlobalSection
	GlobalSection(ProjectConfigurationPlatforms) = postSolution
		{FEB740C7-FC34-4DD8-BD50-B3C50A7B3EF1}.Debug|Any CPU.ActiveCfg = Debug|Any CPU
		{FEB740C7-FC34-4DD8-BD50-B3C50A7B3EF1}.Debug|Any CPU.Build.0 = Debug|Any CPU
		{FEB740C7-FC34-4DD8-BD50-B3C50A7B3EF1}.Release|Any CPU.ActiveCfg = Release|Any CPU
		{FEB740C7-FC34-4DD8-BD50-B3C50A7B3EF1}.Release|Any CPU.Build.0 = Release|Any CPU
	EndGlobalSection
	GlobalSection(SolutionProperties) = preSolution
		HideSolutionNode = FALSE
	EndGlobalSection
	GlobalSection(ExtensibilityGlobals) = postSolution
		SolutionGuid = {E2EB1A84-0581-4465-96C3-714CF8EB9961}
	EndGlobalSection
EndGlobal
