
Microsoft Visual Studio Solution File, Format Version 12.00
# Visual Studio Version 16
VisualStudioVersion = 16.0.29905.134
MinimumVisualStudioVersion = 10.0.40219.1
Project("{FAE04EC0-301F-11D3-BF4B-00C04F79EFBC}") = "05.GameOfIntervals", "05.GameOfIntervals\05.GameOfIntervals.csproj", "{89CEC6B1-5D24-4132-BFD7-0011251E852C}"
EndProject
Global
	GlobalSection(SolutionConfigurationPlatforms) = preSolution
		Debug|Any CPU = Debug|Any CPU
		Release|Any CPU = Release|Any CPU
	EndGlobalSection
	GlobalSection(ProjectConfigurationPlatforms) = postSolution
		{89CEC6B1-5D24-4132-BFD7-0011251E852C}.Debug|Any CPU.ActiveCfg = Debug|Any CPU
		{89CEC6B1-5D24-4132-BFD7-0011251E852C}.Debug|Any CPU.Build.0 = Debug|Any CPU
		{89CEC6B1-5D24-4132-BFD7-0011251E852C}.Release|Any CPU.ActiveCfg = Release|Any CPU
		{89CEC6B1-5D24-4132-BFD7-0011251E852C}.Release|Any CPU.Build.0 = Release|Any CPU
	EndGlobalSection
	GlobalSection(SolutionProperties) = preSolution
		HideSolutionNode = FALSE
	EndGlobalSection
	GlobalSection(ExtensibilityGlobals) = postSolution
		SolutionGuid = {049043D1-8F5D-49DE-B6FA-A2EA543BAB9A}
	EndGlobalSection
EndGlobal
