
Microsoft Visual Studio Solution File, Format Version 12.00
# Visual Studio Version 16
VisualStudioVersion = 16.0.29728.190
MinimumVisualStudioVersion = 10.0.40219.1
Project("{FAE04EC0-301F-11D3-BF4B-00C04F79EFBC}") = "02.LunchBreak", "02.LunchBreak\02.LunchBreak.csproj", "{721CFAB6-0099-4888-8B1B-BB88D702D794}"
EndProject
Global
	GlobalSection(SolutionConfigurationPlatforms) = preSolution
		Debug|Any CPU = Debug|Any CPU
		Release|Any CPU = Release|Any CPU
	EndGlobalSection
	GlobalSection(ProjectConfigurationPlatforms) = postSolution
		{721CFAB6-0099-4888-8B1B-BB88D702D794}.Debug|Any CPU.ActiveCfg = Debug|Any CPU
		{721CFAB6-0099-4888-8B1B-BB88D702D794}.Debug|Any CPU.Build.0 = Debug|Any CPU
		{721CFAB6-0099-4888-8B1B-BB88D702D794}.Release|Any CPU.ActiveCfg = Release|Any CPU
		{721CFAB6-0099-4888-8B1B-BB88D702D794}.Release|Any CPU.Build.0 = Release|Any CPU
	EndGlobalSection
	GlobalSection(SolutionProperties) = preSolution
		HideSolutionNode = FALSE
	EndGlobalSection
	GlobalSection(ExtensibilityGlobals) = postSolution
		SolutionGuid = {A49BB11E-7D17-4036-B704-E5C48ED6A629}
	EndGlobalSection
EndGlobal
