
Microsoft Visual Studio Solution File, Format Version 12.00
# Visual Studio Version 16
VisualStudioVersion = 16.0.29905.134
MinimumVisualStudioVersion = 10.0.40219.1
Project("{FAE04EC0-301F-11D3-BF4B-00C04F79EFBC}") = "04.Bus", "04.Bus\04.Bus.csproj", "{81FD31D1-1457-4BB3-8699-8B04122ADFBA}"
EndProject
Global
	GlobalSection(SolutionConfigurationPlatforms) = preSolution
		Debug|Any CPU = Debug|Any CPU
		Release|Any CPU = Release|Any CPU
	EndGlobalSection
	GlobalSection(ProjectConfigurationPlatforms) = postSolution
		{81FD31D1-1457-4BB3-8699-8B04122ADFBA}.Debug|Any CPU.ActiveCfg = Debug|Any CPU
		{81FD31D1-1457-4BB3-8699-8B04122ADFBA}.Debug|Any CPU.Build.0 = Debug|Any CPU
		{81FD31D1-1457-4BB3-8699-8B04122ADFBA}.Release|Any CPU.ActiveCfg = Release|Any CPU
		{81FD31D1-1457-4BB3-8699-8B04122ADFBA}.Release|Any CPU.Build.0 = Release|Any CPU
	EndGlobalSection
	GlobalSection(SolutionProperties) = preSolution
		HideSolutionNode = FALSE
	EndGlobalSection
	GlobalSection(ExtensibilityGlobals) = postSolution
		SolutionGuid = {BCE5E35D-7566-45FE-B4F3-E512C2EDD655}
	EndGlobalSection
EndGlobal
