
Microsoft Visual Studio Solution File, Format Version 12.00
# Visual Studio Version 16
VisualStudioVersion = 16.0.29728.190
MinimumVisualStudioVersion = 10.0.40219.1
Project("{FAE04EC0-301F-11D3-BF4B-00C04F79EFBC}") = "08.ToyShop", "08.ToyShop\08.ToyShop.csproj", "{96561E80-6A63-4F81-A9B9-07008ECC29B8}"
EndProject
Global
	GlobalSection(SolutionConfigurationPlatforms) = preSolution
		Debug|Any CPU = Debug|Any CPU
		Release|Any CPU = Release|Any CPU
	EndGlobalSection
	GlobalSection(ProjectConfigurationPlatforms) = postSolution
		{96561E80-6A63-4F81-A9B9-07008ECC29B8}.Debug|Any CPU.ActiveCfg = Debug|Any CPU
		{96561E80-6A63-4F81-A9B9-07008ECC29B8}.Debug|Any CPU.Build.0 = Debug|Any CPU
		{96561E80-6A63-4F81-A9B9-07008ECC29B8}.Release|Any CPU.ActiveCfg = Release|Any CPU
		{96561E80-6A63-4F81-A9B9-07008ECC29B8}.Release|Any CPU.Build.0 = Release|Any CPU
	EndGlobalSection
	GlobalSection(SolutionProperties) = preSolution
		HideSolutionNode = FALSE
	EndGlobalSection
	GlobalSection(ExtensibilityGlobals) = postSolution
		SolutionGuid = {2EDC6588-C42E-4F38-8ACE-23EF431E9FB0}
	EndGlobalSection
EndGlobal
