
Microsoft Visual Studio Solution File, Format Version 12.00
# Visual Studio Version 16
VisualStudioVersion = 16.0.29911.84
MinimumVisualStudioVersion = 10.0.40219.1
Project("{FAE04EC0-301F-11D3-BF4B-00C04F79EFBC}") = "03.CoffeeMachine", "03.CoffeeMachine\03.CoffeeMachine.csproj", "{68386C2F-01E7-4C33-A934-2A0EDAA45159}"
EndProject
Global
	GlobalSection(SolutionConfigurationPlatforms) = preSolution
		Debug|Any CPU = Debug|Any CPU
		Release|Any CPU = Release|Any CPU
	EndGlobalSection
	GlobalSection(ProjectConfigurationPlatforms) = postSolution
		{68386C2F-01E7-4C33-A934-2A0EDAA45159}.Debug|Any CPU.ActiveCfg = Debug|Any CPU
		{68386C2F-01E7-4C33-A934-2A0EDAA45159}.Debug|Any CPU.Build.0 = Debug|Any CPU
		{68386C2F-01E7-4C33-A934-2A0EDAA45159}.Release|Any CPU.ActiveCfg = Release|Any CPU
		{68386C2F-01E7-4C33-A934-2A0EDAA45159}.Release|Any CPU.Build.0 = Release|Any CPU
	EndGlobalSection
	GlobalSection(SolutionProperties) = preSolution
		HideSolutionNode = FALSE
	EndGlobalSection
	GlobalSection(ExtensibilityGlobals) = postSolution
		SolutionGuid = {B02B02D9-469C-4B82-AC70-90B6AF3E5B9E}
	EndGlobalSection
EndGlobal
