
Microsoft Visual Studio Solution File, Format Version 12.00
# Visual Studio Version 16
VisualStudioVersion = 16.0.29905.134
MinimumVisualStudioVersion = 10.0.40219.1
Project("{FAE04EC0-301F-11D3-BF4B-00C04F79EFBC}") = "03.WorldSnookerChampionship", "03.WorldSnookerChampionship\03.WorldSnookerChampionship.csproj", "{75337521-061C-409D-B28E-6784451D853D}"
EndProject
Global
	GlobalSection(SolutionConfigurationPlatforms) = preSolution
		Debug|Any CPU = Debug|Any CPU
		Release|Any CPU = Release|Any CPU
	EndGlobalSection
	GlobalSection(ProjectConfigurationPlatforms) = postSolution
		{75337521-061C-409D-B28E-6784451D853D}.Debug|Any CPU.ActiveCfg = Debug|Any CPU
		{75337521-061C-409D-B28E-6784451D853D}.Debug|Any CPU.Build.0 = Debug|Any CPU
		{75337521-061C-409D-B28E-6784451D853D}.Release|Any CPU.ActiveCfg = Release|Any CPU
		{75337521-061C-409D-B28E-6784451D853D}.Release|Any CPU.Build.0 = Release|Any CPU
	EndGlobalSection
	GlobalSection(SolutionProperties) = preSolution
		HideSolutionNode = FALSE
	EndGlobalSection
	GlobalSection(ExtensibilityGlobals) = postSolution
		SolutionGuid = {E4BDE38A-4249-45FF-8378-0D1723BD0373}
	EndGlobalSection
EndGlobal
