
Microsoft Visual Studio Solution File, Format Version 12.00
# Visual Studio Version 16
VisualStudioVersion = 16.0.29905.134
MinimumVisualStudioVersion = 10.0.40219.1
Project("{FAE04EC0-301F-11D3-BF4B-00C04F79EFBC}") = "01.OldBooks", "01.OldBooks\01.OldBooks.csproj", "{3476C348-E9C0-4992-ADC9-02FB43D975C8}"
EndProject
Global
	GlobalSection(SolutionConfigurationPlatforms) = preSolution
		Debug|Any CPU = Debug|Any CPU
		Release|Any CPU = Release|Any CPU
	EndGlobalSection
	GlobalSection(ProjectConfigurationPlatforms) = postSolution
		{3476C348-E9C0-4992-ADC9-02FB43D975C8}.Debug|Any CPU.ActiveCfg = Debug|Any CPU
		{3476C348-E9C0-4992-ADC9-02FB43D975C8}.Debug|Any CPU.Build.0 = Debug|Any CPU
		{3476C348-E9C0-4992-ADC9-02FB43D975C8}.Release|Any CPU.ActiveCfg = Release|Any CPU
		{3476C348-E9C0-4992-ADC9-02FB43D975C8}.Release|Any CPU.Build.0 = Release|Any CPU
	EndGlobalSection
	GlobalSection(SolutionProperties) = preSolution
		HideSolutionNode = FALSE
	EndGlobalSection
	GlobalSection(ExtensibilityGlobals) = postSolution
		SolutionGuid = {6DF08C46-9CD6-48D4-9906-CC8B419EE13D}
	EndGlobalSection
EndGlobal
