
Microsoft Visual Studio Solution File, Format Version 12.00
# Visual Studio Version 16
VisualStudioVersion = 16.0.29905.134
MinimumVisualStudioVersion = 10.0.40219.1
Project("{FAE04EC0-301F-11D3-BF4B-00C04F79EFBC}") = "02.ExamPreparation", "02.ExamPreparation\02.ExamPreparation.csproj", "{A50BA9FA-0A5D-4C75-961B-DE79009D0BAE}"
EndProject
Global
	GlobalSection(SolutionConfigurationPlatforms) = preSolution
		Debug|Any CPU = Debug|Any CPU
		Release|Any CPU = Release|Any CPU
	EndGlobalSection
	GlobalSection(ProjectConfigurationPlatforms) = postSolution
		{A50BA9FA-0A5D-4C75-961B-DE79009D0BAE}.Debug|Any CPU.ActiveCfg = Debug|Any CPU
		{A50BA9FA-0A5D-4C75-961B-DE79009D0BAE}.Debug|Any CPU.Build.0 = Debug|Any CPU
		{A50BA9FA-0A5D-4C75-961B-DE79009D0BAE}.Release|Any CPU.ActiveCfg = Release|Any CPU
		{A50BA9FA-0A5D-4C75-961B-DE79009D0BAE}.Release|Any CPU.Build.0 = Release|Any CPU
	EndGlobalSection
	GlobalSection(SolutionProperties) = preSolution
		HideSolutionNode = FALSE
	EndGlobalSection
	GlobalSection(ExtensibilityGlobals) = postSolution
		SolutionGuid = {5569352C-DE66-4039-B316-8EAFC2E7CDB3}
	EndGlobalSection
EndGlobal
