
Microsoft Visual Studio Solution File, Format Version 12.00
# Visual Studio Version 16
VisualStudioVersion = 16.0.29728.190
MinimumVisualStudioVersion = 10.0.40219.1
Project("{FAE04EC0-301F-11D3-BF4B-00C04F79EFBC}") = "02.MovieDay", "02.MovieDay\02.MovieDay.csproj", "{67423F58-DBC9-4DAD-8EB4-1F78276DF8F7}"
EndProject
Global
	GlobalSection(SolutionConfigurationPlatforms) = preSolution
		Debug|Any CPU = Debug|Any CPU
		Release|Any CPU = Release|Any CPU
	EndGlobalSection
	GlobalSection(ProjectConfigurationPlatforms) = postSolution
		{67423F58-DBC9-4DAD-8EB4-1F78276DF8F7}.Debug|Any CPU.ActiveCfg = Debug|Any CPU
		{67423F58-DBC9-4DAD-8EB4-1F78276DF8F7}.Debug|Any CPU.Build.0 = Debug|Any CPU
		{67423F58-DBC9-4DAD-8EB4-1F78276DF8F7}.Release|Any CPU.ActiveCfg = Release|Any CPU
		{67423F58-DBC9-4DAD-8EB4-1F78276DF8F7}.Release|Any CPU.Build.0 = Release|Any CPU
	EndGlobalSection
	GlobalSection(SolutionProperties) = preSolution
		HideSolutionNode = FALSE
	EndGlobalSection
	GlobalSection(ExtensibilityGlobals) = postSolution
		SolutionGuid = {38600944-10A3-4431-81BA-3CA002987144}
	EndGlobalSection
EndGlobal
