
Microsoft Visual Studio Solution File, Format Version 12.00
# Visual Studio Version 16
VisualStudioVersion = 16.0.29905.134
MinimumVisualStudioVersion = 10.0.40219.1
Project("{FAE04EC0-301F-11D3-BF4B-00C04F79EFBC}") = "02.BikeRace", "02.BikeRace\02.BikeRace.csproj", "{C50F7DD8-263F-4482-AE78-EF4F05B786E4}"
EndProject
Global
	GlobalSection(SolutionConfigurationPlatforms) = preSolution
		Debug|Any CPU = Debug|Any CPU
		Release|Any CPU = Release|Any CPU
	EndGlobalSection
	GlobalSection(ProjectConfigurationPlatforms) = postSolution
		{C50F7DD8-263F-4482-AE78-EF4F05B786E4}.Debug|Any CPU.ActiveCfg = Debug|Any CPU
		{C50F7DD8-263F-4482-AE78-EF4F05B786E4}.Debug|Any CPU.Build.0 = Debug|Any CPU
		{C50F7DD8-263F-4482-AE78-EF4F05B786E4}.Release|Any CPU.ActiveCfg = Release|Any CPU
		{C50F7DD8-263F-4482-AE78-EF4F05B786E4}.Release|Any CPU.Build.0 = Release|Any CPU
	EndGlobalSection
	GlobalSection(SolutionProperties) = preSolution
		HideSolutionNode = FALSE
	EndGlobalSection
	GlobalSection(ExtensibilityGlobals) = postSolution
		SolutionGuid = {ED7E4699-C298-4FD4-BF29-541BA42EAA55}
	EndGlobalSection
EndGlobal
