
Microsoft Visual Studio Solution File, Format Version 12.00
# Visual Studio Version 16
VisualStudioVersion = 16.0.29905.134
MinimumVisualStudioVersion = 10.0.40219.1
Project("{FAE04EC0-301F-11D3-BF4B-00C04F79EFBC}") = "01.Dishwasher", "01.Dishwasher\01.Dishwasher.csproj", "{BBF0AE93-195F-4B49-A38C-51555199CB48}"
EndProject
Global
	GlobalSection(SolutionConfigurationPlatforms) = preSolution
		Debug|Any CPU = Debug|Any CPU
		Release|Any CPU = Release|Any CPU
	EndGlobalSection
	GlobalSection(ProjectConfigurationPlatforms) = postSolution
		{BBF0AE93-195F-4B49-A38C-51555199CB48}.Debug|Any CPU.ActiveCfg = Debug|Any CPU
		{BBF0AE93-195F-4B49-A38C-51555199CB48}.Debug|Any CPU.Build.0 = Debug|Any CPU
		{BBF0AE93-195F-4B49-A38C-51555199CB48}.Release|Any CPU.ActiveCfg = Release|Any CPU
		{BBF0AE93-195F-4B49-A38C-51555199CB48}.Release|Any CPU.Build.0 = Release|Any CPU
	EndGlobalSection
	GlobalSection(SolutionProperties) = preSolution
		HideSolutionNode = FALSE
	EndGlobalSection
	GlobalSection(ExtensibilityGlobals) = postSolution
		SolutionGuid = {F34E8A86-6ED9-4CEA-AF9D-EAE718AE3ACD}
	EndGlobalSection
EndGlobal
