
Microsoft Visual Studio Solution File, Format Version 12.00
# Visual Studio Version 16
VisualStudioVersion = 16.0.29905.134
MinimumVisualStudioVersion = 10.0.40219.1
Project("{FAE04EC0-301F-11D3-BF4B-00C04F79EFBC}") = "03.SumPrimeNonPrime", "03.SumPrimeNonPrime\03.SumPrimeNonPrime.csproj", "{20CF25ED-97BF-42C0-B05E-229922BCA645}"
EndProject
Global
	GlobalSection(SolutionConfigurationPlatforms) = preSolution
		Debug|Any CPU = Debug|Any CPU
		Release|Any CPU = Release|Any CPU
	EndGlobalSection
	GlobalSection(ProjectConfigurationPlatforms) = postSolution
		{20CF25ED-97BF-42C0-B05E-229922BCA645}.Debug|Any CPU.ActiveCfg = Debug|Any CPU
		{20CF25ED-97BF-42C0-B05E-229922BCA645}.Debug|Any CPU.Build.0 = Debug|Any CPU
		{20CF25ED-97BF-42C0-B05E-229922BCA645}.Release|Any CPU.ActiveCfg = Release|Any CPU
		{20CF25ED-97BF-42C0-B05E-229922BCA645}.Release|Any CPU.Build.0 = Release|Any CPU
	EndGlobalSection
	GlobalSection(SolutionProperties) = preSolution
		HideSolutionNode = FALSE
	EndGlobalSection
	GlobalSection(ExtensibilityGlobals) = postSolution
		SolutionGuid = {52AD8DAB-B945-4BFB-A85F-0BDA7FCBC8BB}
	EndGlobalSection
EndGlobal
