
Microsoft Visual Studio Solution File, Format Version 12.00
# Visual Studio Version 16
VisualStudioVersion = 16.0.29905.134
MinimumVisualStudioVersion = 10.0.40219.1
Project("{FAE04EC0-301F-11D3-BF4B-00C04F79EFBC}") = "02.Hospital", "02.Hospital\02.Hospital.csproj", "{DAEB1DCE-82FD-42D1-B457-7818F42912A2}"
EndProject
Global
	GlobalSection(SolutionConfigurationPlatforms) = preSolution
		Debug|Any CPU = Debug|Any CPU
		Release|Any CPU = Release|Any CPU
	EndGlobalSection
	GlobalSection(ProjectConfigurationPlatforms) = postSolution
		{DAEB1DCE-82FD-42D1-B457-7818F42912A2}.Debug|Any CPU.ActiveCfg = Debug|Any CPU
		{DAEB1DCE-82FD-42D1-B457-7818F42912A2}.Debug|Any CPU.Build.0 = Debug|Any CPU
		{DAEB1DCE-82FD-42D1-B457-7818F42912A2}.Release|Any CPU.ActiveCfg = Release|Any CPU
		{DAEB1DCE-82FD-42D1-B457-7818F42912A2}.Release|Any CPU.Build.0 = Release|Any CPU
	EndGlobalSection
	GlobalSection(SolutionProperties) = preSolution
		HideSolutionNode = FALSE
	EndGlobalSection
	GlobalSection(ExtensibilityGlobals) = postSolution
		SolutionGuid = {F07505D2-C29E-426C-81A4-FB390602BEA8}
	EndGlobalSection
EndGlobal
