
Microsoft Visual Studio Solution File, Format Version 12.00
# Visual Studio Version 16
VisualStudioVersion = 16.0.29905.134
MinimumVisualStudioVersion = 10.0.40219.1
Project("{FAE04EC0-301F-11D3-BF4B-00C04F79EFBC}") = "06.MultiplyTable", "06.MultiplyTable\06.MultiplyTable.csproj", "{9EFB4CDF-9D22-414B-919F-FBC2A104977A}"
EndProject
Global
	GlobalSection(SolutionConfigurationPlatforms) = preSolution
		Debug|Any CPU = Debug|Any CPU
		Release|Any CPU = Release|Any CPU
	EndGlobalSection
	GlobalSection(ProjectConfigurationPlatforms) = postSolution
		{9EFB4CDF-9D22-414B-919F-FBC2A104977A}.Debug|Any CPU.ActiveCfg = Debug|Any CPU
		{9EFB4CDF-9D22-414B-919F-FBC2A104977A}.Debug|Any CPU.Build.0 = Debug|Any CPU
		{9EFB4CDF-9D22-414B-919F-FBC2A104977A}.Release|Any CPU.ActiveCfg = Release|Any CPU
		{9EFB4CDF-9D22-414B-919F-FBC2A104977A}.Release|Any CPU.Build.0 = Release|Any CPU
	EndGlobalSection
	GlobalSection(SolutionProperties) = preSolution
		HideSolutionNode = FALSE
	EndGlobalSection
	GlobalSection(ExtensibilityGlobals) = postSolution
		SolutionGuid = {CE78D1AD-2FD9-43AB-A396-8585D8E0ADC8}
	EndGlobalSection
EndGlobal
