
Microsoft Visual Studio Solution File, Format Version 12.00
# Visual Studio Version 16
VisualStudioVersion = 16.0.29728.190
MinimumVisualStudioVersion = 10.0.40219.1
Project("{FAE04EC0-301F-11D3-BF4B-00C04F79EFBC}") = "05.CharacterSequence", "05.CharacterSequence\05.CharacterSequence.csproj", "{A21527DA-F034-4F4E-A44F-6C9D1925F044}"
EndProject
Global
	GlobalSection(SolutionConfigurationPlatforms) = preSolution
		Debug|Any CPU = Debug|Any CPU
		Release|Any CPU = Release|Any CPU
	EndGlobalSection
	GlobalSection(ProjectConfigurationPlatforms) = postSolution
		{A21527DA-F034-4F4E-A44F-6C9D1925F044}.Debug|Any CPU.ActiveCfg = Debug|Any CPU
		{A21527DA-F034-4F4E-A44F-6C9D1925F044}.Debug|Any CPU.Build.0 = Debug|Any CPU
		{A21527DA-F034-4F4E-A44F-6C9D1925F044}.Release|Any CPU.ActiveCfg = Release|Any CPU
		{A21527DA-F034-4F4E-A44F-6C9D1925F044}.Release|Any CPU.Build.0 = Release|Any CPU
	EndGlobalSection
	GlobalSection(SolutionProperties) = preSolution
		HideSolutionNode = FALSE
	EndGlobalSection
	GlobalSection(ExtensibilityGlobals) = postSolution
		SolutionGuid = {59C68E19-86D0-40CB-A656-505F98B69F76}
	EndGlobalSection
EndGlobal
