
Microsoft Visual Studio Solution File, Format Version 12.00
# Visual Studio Version 16
VisualStudioVersion = 16.0.29728.190
MinimumVisualStudioVersion = 10.0.40219.1
Project("{FAE04EC0-301F-11D3-BF4B-00C04F79EFBC}") = "03.EvenOrOdd", "03.EvenOrOdd\03.EvenOrOdd.csproj", "{E76EB808-5468-4B4B-989C-FBF1CAF2E6F2}"
EndProject
Global
	GlobalSection(SolutionConfigurationPlatforms) = preSolution
		Debug|Any CPU = Debug|Any CPU
		Release|Any CPU = Release|Any CPU
	EndGlobalSection
	GlobalSection(ProjectConfigurationPlatforms) = postSolution
		{E76EB808-5468-4B4B-989C-FBF1CAF2E6F2}.Debug|Any CPU.ActiveCfg = Debug|Any CPU
		{E76EB808-5468-4B4B-989C-FBF1CAF2E6F2}.Debug|Any CPU.Build.0 = Debug|Any CPU
		{E76EB808-5468-4B4B-989C-FBF1CAF2E6F2}.Release|Any CPU.ActiveCfg = Release|Any CPU
		{E76EB808-5468-4B4B-989C-FBF1CAF2E6F2}.Release|Any CPU.Build.0 = Release|Any CPU
	EndGlobalSection
	GlobalSection(SolutionProperties) = preSolution
		HideSolutionNode = FALSE
	EndGlobalSection
	GlobalSection(ExtensibilityGlobals) = postSolution
		SolutionGuid = {62242C84-AF12-4257-9240-106C0CE589B4}
	EndGlobalSection
EndGlobal
