
Microsoft Visual Studio Solution File, Format Version 12.00
# Visual Studio Version 16
VisualStudioVersion = 16.0.29905.134
MinimumVisualStudioVersion = 10.0.40219.1
Project("{FAE04EC0-301F-11D3-BF4B-00C04F79EFBC}") = "03.Combinations", "03.Combinations\03.Combinations.csproj", "{4103CA82-809F-4770-8CD8-395ADC597F31}"
EndProject
Global
	GlobalSection(SolutionConfigurationPlatforms) = preSolution
		Debug|Any CPU = Debug|Any CPU
		Release|Any CPU = Release|Any CPU
	EndGlobalSection
	GlobalSection(ProjectConfigurationPlatforms) = postSolution
		{4103CA82-809F-4770-8CD8-395ADC597F31}.Debug|Any CPU.ActiveCfg = Debug|Any CPU
		{4103CA82-809F-4770-8CD8-395ADC597F31}.Debug|Any CPU.Build.0 = Debug|Any CPU
		{4103CA82-809F-4770-8CD8-395ADC597F31}.Release|Any CPU.ActiveCfg = Release|Any CPU
		{4103CA82-809F-4770-8CD8-395ADC597F31}.Release|Any CPU.Build.0 = Release|Any CPU
	EndGlobalSection
	GlobalSection(SolutionProperties) = preSolution
		HideSolutionNode = FALSE
	EndGlobalSection
	GlobalSection(ExtensibilityGlobals) = postSolution
		SolutionGuid = {6DFB62A3-4C42-4DCA-AEF0-0DBB42D55AB1}
	EndGlobalSection
EndGlobal
