
Microsoft Visual Studio Solution File, Format Version 12.00
# Visual Studio Version 16
VisualStudioVersion = 16.0.29728.190
MinimumVisualStudioVersion = 10.0.40219.1
Project("{FAE04EC0-301F-11D3-BF4B-00C04F79EFBC}") = "08.FuelTank", "08.FuelTank\08.FuelTank.csproj", "{D818D642-3778-4A57-9439-617200F3D4F5}"
EndProject
Global
	GlobalSection(SolutionConfigurationPlatforms) = preSolution
		Debug|Any CPU = Debug|Any CPU
		Release|Any CPU = Release|Any CPU
	EndGlobalSection
	GlobalSection(ProjectConfigurationPlatforms) = postSolution
		{D818D642-3778-4A57-9439-617200F3D4F5}.Debug|Any CPU.ActiveCfg = Debug|Any CPU
		{D818D642-3778-4A57-9439-617200F3D4F5}.Debug|Any CPU.Build.0 = Debug|Any CPU
		{D818D642-3778-4A57-9439-617200F3D4F5}.Release|Any CPU.ActiveCfg = Release|Any CPU
		{D818D642-3778-4A57-9439-617200F3D4F5}.Release|Any CPU.Build.0 = Release|Any CPU
	EndGlobalSection
	GlobalSection(SolutionProperties) = preSolution
		HideSolutionNode = FALSE
	EndGlobalSection
	GlobalSection(ExtensibilityGlobals) = postSolution
		SolutionGuid = {089B36DA-FAFC-43A4-BE65-31DA2FB11A35}
	EndGlobalSection
EndGlobal
