
Microsoft Visual Studio Solution File, Format Version 12.00
# Visual Studio Version 16
VisualStudioVersion = 16.0.29905.134
MinimumVisualStudioVersion = 10.0.40219.1
Project("{FAE04EC0-301F-11D3-BF4B-00C04F79EFBC}") = "06.WeddingSeats", "06.WeddingSeats\06.WeddingSeats.csproj", "{29AD1530-F11F-44AA-8E82-C66EA29105C5}"
EndProject
Global
	GlobalSection(SolutionConfigurationPlatforms) = preSolution
		Debug|Any CPU = Debug|Any CPU
		Release|Any CPU = Release|Any CPU
	EndGlobalSection
	GlobalSection(ProjectConfigurationPlatforms) = postSolution
		{29AD1530-F11F-44AA-8E82-C66EA29105C5}.Debug|Any CPU.ActiveCfg = Debug|Any CPU
		{29AD1530-F11F-44AA-8E82-C66EA29105C5}.Debug|Any CPU.Build.0 = Debug|Any CPU
		{29AD1530-F11F-44AA-8E82-C66EA29105C5}.Release|Any CPU.ActiveCfg = Release|Any CPU
		{29AD1530-F11F-44AA-8E82-C66EA29105C5}.Release|Any CPU.Build.0 = Release|Any CPU
	EndGlobalSection
	GlobalSection(SolutionProperties) = preSolution
		HideSolutionNode = FALSE
	EndGlobalSection
	GlobalSection(ExtensibilityGlobals) = postSolution
		SolutionGuid = {BDC7980D-3AD1-4688-B04C-E1925F068016}
	EndGlobalSection
EndGlobal
