
Microsoft Visual Studio Solution File, Format Version 12.00
# Visual Studio Version 16
VisualStudioVersion = 16.0.29728.190
MinimumVisualStudioVersion = 10.0.40219.1
Project("{FAE04EC0-301F-11D3-BF4B-00C04F79EFBC}") = "03.PersonalTitles", "03.PersonalTitles\03.PersonalTitles.csproj", "{675566CA-9813-49F9-9111-C5683ABF7C38}"
EndProject
Global
	GlobalSection(SolutionConfigurationPlatforms) = preSolution
		Debug|Any CPU = Debug|Any CPU
		Release|Any CPU = Release|Any CPU
	EndGlobalSection
	GlobalSection(ProjectConfigurationPlatforms) = postSolution
		{675566CA-9813-49F9-9111-C5683ABF7C38}.Debug|Any CPU.ActiveCfg = Debug|Any CPU
		{675566CA-9813-49F9-9111-C5683ABF7C38}.Debug|Any CPU.Build.0 = Debug|Any CPU
		{675566CA-9813-49F9-9111-C5683ABF7C38}.Release|Any CPU.ActiveCfg = Release|Any CPU
		{675566CA-9813-49F9-9111-C5683ABF7C38}.Release|Any CPU.Build.0 = Release|Any CPU
	EndGlobalSection
	GlobalSection(SolutionProperties) = preSolution
		HideSolutionNode = FALSE
	EndGlobalSection
	GlobalSection(ExtensibilityGlobals) = postSolution
		SolutionGuid = {AB5E0DDB-D527-48DE-8D9C-67CDC3E3C0EB}
	EndGlobalSection
EndGlobal
