
Microsoft Visual Studio Solution File, Format Version 12.00
# Visual Studio Version 16
VisualStudioVersion = 16.0.29728.190
MinimumVisualStudioVersion = 10.0.40219.1
Project("{FAE04EC0-301F-11D3-BF4B-00C04F79EFBC}") = "09.OnTimeForTheExam", "09.OnTimeForTheExam\09.OnTimeForTheExam.csproj", "{52EAE08B-30D0-4C2F-B2D6-A8520AA1FE87}"
EndProject
Global
	GlobalSection(SolutionConfigurationPlatforms) = preSolution
		Debug|Any CPU = Debug|Any CPU
		Release|Any CPU = Release|Any CPU
	EndGlobalSection
	GlobalSection(ProjectConfigurationPlatforms) = postSolution
		{52EAE08B-30D0-4C2F-B2D6-A8520AA1FE87}.Debug|Any CPU.ActiveCfg = Debug|Any CPU
		{52EAE08B-30D0-4C2F-B2D6-A8520AA1FE87}.Debug|Any CPU.Build.0 = Debug|Any CPU
		{52EAE08B-30D0-4C2F-B2D6-A8520AA1FE87}.Release|Any CPU.ActiveCfg = Release|Any CPU
		{52EAE08B-30D0-4C2F-B2D6-A8520AA1FE87}.Release|Any CPU.Build.0 = Release|Any CPU
	EndGlobalSection
	GlobalSection(SolutionProperties) = preSolution
		HideSolutionNode = FALSE
	EndGlobalSection
	GlobalSection(ExtensibilityGlobals) = postSolution
		SolutionGuid = {ABFD981B-2E80-4624-80A0-26AB8C045ADE}
	EndGlobalSection
EndGlobal
