
Microsoft Visual Studio Solution File, Format Version 12.00
# Visual Studio Version 16
VisualStudioVersion = 16.0.29911.84
MinimumVisualStudioVersion = 10.0.40219.1
Project("{FAE04EC0-301F-11D3-BF4B-00C04F79EFBC}") = "02.MountainRun", "02.MountainRun\02.MountainRun.csproj", "{9639CA4C-52F1-47FF-9E89-0AD4AEC8594B}"
EndProject
Global
	GlobalSection(SolutionConfigurationPlatforms) = preSolution
		Debug|Any CPU = Debug|Any CPU
		Release|Any CPU = Release|Any CPU
	EndGlobalSection
	GlobalSection(ProjectConfigurationPlatforms) = postSolution
		{9639CA4C-52F1-47FF-9E89-0AD4AEC8594B}.Debug|Any CPU.ActiveCfg = Debug|Any CPU
		{9639CA4C-52F1-47FF-9E89-0AD4AEC8594B}.Debug|Any CPU.Build.0 = Debug|Any CPU
		{9639CA4C-52F1-47FF-9E89-0AD4AEC8594B}.Release|Any CPU.ActiveCfg = Release|Any CPU
		{9639CA4C-52F1-47FF-9E89-0AD4AEC8594B}.Release|Any CPU.Build.0 = Release|Any CPU
	EndGlobalSection
	GlobalSection(SolutionProperties) = preSolution
		HideSolutionNode = FALSE
	EndGlobalSection
	GlobalSection(ExtensibilityGlobals) = postSolution
		SolutionGuid = {7A28F022-6663-429C-9F99-B7CBEDA7AFB0}
	EndGlobalSection
EndGlobal
