
Microsoft Visual Studio Solution File, Format Version 12.00
# Visual Studio Version 16
VisualStudioVersion = 16.0.29905.134
MinimumVisualStudioVersion = 10.0.40219.1
Project("{FAE04EC0-301F-11D3-BF4B-00C04F79EFBC}") = "04.Grades", "04.Grades\04.Grades.csproj", "{BF1E929B-303D-45B9-AF3D-45F5BBFE8A87}"
EndProject
Global
	GlobalSection(SolutionConfigurationPlatforms) = preSolution
		Debug|Any CPU = Debug|Any CPU
		Release|Any CPU = Release|Any CPU
	EndGlobalSection
	GlobalSection(ProjectConfigurationPlatforms) = postSolution
		{BF1E929B-303D-45B9-AF3D-45F5BBFE8A87}.Debug|Any CPU.ActiveCfg = Debug|Any CPU
		{BF1E929B-303D-45B9-AF3D-45F5BBFE8A87}.Debug|Any CPU.Build.0 = Debug|Any CPU
		{BF1E929B-303D-45B9-AF3D-45F5BBFE8A87}.Release|Any CPU.ActiveCfg = Release|Any CPU
		{BF1E929B-303D-45B9-AF3D-45F5BBFE8A87}.Release|Any CPU.Build.0 = Release|Any CPU
	EndGlobalSection
	GlobalSection(SolutionProperties) = preSolution
		HideSolutionNode = FALSE
	EndGlobalSection
	GlobalSection(ExtensibilityGlobals) = postSolution
		SolutionGuid = {8F5C3A01-CE04-4394-8B66-2EBED79DEEE6}
	EndGlobalSection
EndGlobal
