
Microsoft Visual Studio Solution File, Format Version 12.00
# Visual Studio Version 16
VisualStudioVersion = 16.0.29905.134
MinimumVisualStudioVersion = 10.0.40219.1
Project("{FAE04EC0-301F-11D3-BF4B-00C04F79EFBC}") = "04.EasterShop", "04.EasterShop\04.EasterShop.csproj", "{8CFC4C47-2F2F-4077-98EF-E305260E0E6C}"
EndProject
Global
	GlobalSection(SolutionConfigurationPlatforms) = preSolution
		Debug|Any CPU = Debug|Any CPU
		Release|Any CPU = Release|Any CPU
	EndGlobalSection
	GlobalSection(ProjectConfigurationPlatforms) = postSolution
		{8CFC4C47-2F2F-4077-98EF-E305260E0E6C}.Debug|Any CPU.ActiveCfg = Debug|Any CPU
		{8CFC4C47-2F2F-4077-98EF-E305260E0E6C}.Debug|Any CPU.Build.0 = Debug|Any CPU
		{8CFC4C47-2F2F-4077-98EF-E305260E0E6C}.Release|Any CPU.ActiveCfg = Release|Any CPU
		{8CFC4C47-2F2F-4077-98EF-E305260E0E6C}.Release|Any CPU.Build.0 = Release|Any CPU
	EndGlobalSection
	GlobalSection(SolutionProperties) = preSolution
		HideSolutionNode = FALSE
	EndGlobalSection
	GlobalSection(ExtensibilityGlobals) = postSolution
		SolutionGuid = {6CD26F70-398B-46E0-A955-8827A66936DC}
	EndGlobalSection
EndGlobal
